
Microsoft Visual Studio Solution File, Format Version 10.00
# Visual Studio 2008
Project("{8BC9CEB8-8B4A-11D0-8D11-00A0C91BC942}") = "SReqListenerTest", "SReqListenerTest.vcproj", "{B21D3764-A7AA-46B2-AB67-F02598CC2618}"
	ProjectSection(ProjectDependencies) = postProject
		{9F2E09BE-9CC5-4460-80A0-0AB612F78BA0} = {9F2E09BE-9CC5-4460-80A0-0AB612F78BA0}
	EndProjectSection
EndProject
Project("{8BC9CEB8-8B4A-11D0-8D11-00A0C91BC942}") = "SMultithreadPlus", "..\..\build\x86_windows\SMultithreadPlus.vcproj", "{9F2E09BE-9CC5-4460-80A0-0AB612F78BA0}"
EndProject
Global
	GlobalSection(SolutionConfigurationPlatforms) = preSolution
		Debug|Win32 = Debug|Win32
		Release|Win32 = Release|Win32
	EndGlobalSection
	GlobalSection(ProjectConfigurationPlatforms) = postSolution
		{B21D3764-A7AA-46B2-AB67-F02598CC2618}.Debug|Win32.ActiveCfg = Debug|Win32
		{B21D3764-A7AA-46B2-AB67-F02598CC2618}.Debug|Win32.Build.0 = Debug|Win32
		{B21D3764-A7AA-46B2-AB67-F02598CC2618}.Release|Win32.ActiveCfg = Release|Win32
		{B21D3764-A7AA-46B2-AB67-F02598CC2618}.Release|Win32.Build.0 = Release|Win32
		{9F2E09BE-9CC5-4460-80A0-0AB612F78BA0}.Debug|Win32.ActiveCfg = Debug|Win32
		{9F2E09BE-9CC5-4460-80A0-0AB612F78BA0}.Debug|Win32.Build.0 = Debug|Win32
		{9F2E09BE-9CC5-4460-80A0-0AB612F78BA0}.Release|Win32.ActiveCfg = Release|Win32
		{9F2E09BE-9CC5-4460-80A0-0AB612F78BA0}.Release|Win32.Build.0 = Release|Win32
	EndGlobalSection
	GlobalSection(SolutionProperties) = preSolution
		HideSolutionNode = FALSE
	EndGlobalSection
EndGlobal
